// !$*UTF8*$!
{
	archiveVersion = 1;
	classes = {
	};
	objectVersion = 55;
	objects = {

/* Begin PBXBuildFile section */
		2355347427ECC8A5001FD1AF /* LoginViewModel.swift in Sources */ = {isa = PBXBuildFile; fileRef = 2355347327ECC8A5001FD1AF /* LoginViewModel.swift */; };
		2355347627ECD317001FD1AF /* MoviesCoordinator.swift in Sources */ = {isa = PBXBuildFile; fileRef = 2355347527ECD317001FD1AF /* MoviesCoordinator.swift */; };
		2355347827ECD331001FD1AF /* MoviesCoordinatorView.swift in Sources */ = {isa = PBXBuildFile; fileRef = 2355347727ECD331001FD1AF /* MoviesCoordinatorView.swift */; };
		23ABD18527DF74550073D9EF /* CreditCell.swift in Sources */ = {isa = PBXBuildFile; fileRef = 23ABD18427DF74550073D9EF /* CreditCell.swift */; };
		23ABD18727DF95D30073D9EF /* AverageRateView.swift in Sources */ = {isa = PBXBuildFile; fileRef = 23ABD18627DF95D30073D9EF /* AverageRateView.swift */; };
		23ABD18927DF9AD50073D9EF /* SubmitRateButtonView.swift in Sources */ = {isa = PBXBuildFile; fileRef = 23ABD18827DF9AD50073D9EF /* SubmitRateButtonView.swift */; };
		23ABD18F27E0A4B60073D9EF /* LoginScreen.swift in Sources */ = {isa = PBXBuildFile; fileRef = 23ABD18E27E0A4B60073D9EF /* LoginScreen.swift */; };
		23ABD19427E0D5170073D9EF /* AccountOptionsScreen.swift in Sources */ = {isa = PBXBuildFile; fileRef = 23ABD19327E0D5170073D9EF /* AccountOptionsScreen.swift */; };
		23AFF6CF27DB4BDC00FB612D /* NetworkDemoApp.swift in Sources */ = {isa = PBXBuildFile; fileRef = 23AFF6CE27DB4BDC00FB612D /* NetworkDemoApp.swift */; };
		23AFF6D127DB4BDC00FB612D /* ContentView.swift in Sources */ = {isa = PBXBuildFile; fileRef = 23AFF6D027DB4BDC00FB612D /* ContentView.swift */; };
		23AFF6D327DB4BDD00FB612D /* Assets.xcassets in Resources */ = {isa = PBXBuildFile; fileRef = 23AFF6D227DB4BDD00FB612D /* Assets.xcassets */; };
		23AFF6D627DB4BDD00FB612D /* Preview Assets.xcassets in Resources */ = {isa = PBXBuildFile; fileRef = 23AFF6D527DB4BDD00FB612D /* Preview Assets.xcassets */; };
		23AFF6E027DB4BDD00FB612D /* NetworkDemoTests.swift in Sources */ = {isa = PBXBuildFile; fileRef = 23AFF6DF27DB4BDD00FB612D /* NetworkDemoTests.swift */; };
		23AFF6FD27DB587700FB612D /* MovieListScreen.swift in Sources */ = {isa = PBXBuildFile; fileRef = 23AFF6FC27DB587700FB612D /* MovieListScreen.swift */; };
		23AFF6FF27DB590900FB612D /* MovieListViewModel.swift in Sources */ = {isa = PBXBuildFile; fileRef = 23AFF6FE27DB590900FB612D /* MovieListViewModel.swift */; };
		23AFF70227DB591C00FB612D /* Resource.swift in Sources */ = {isa = PBXBuildFile; fileRef = 23AFF70127DB591C00FB612D /* Resource.swift */; };
		23AFF70A27DB5C9300FB612D /* NetworkService.swift in Sources */ = {isa = PBXBuildFile; fileRef = 23AFF70927DB5C9300FB612D /* NetworkService.swift */; };
		23AFF70E27DB60E400FB612D /* ApiConstants.swift in Sources */ = {isa = PBXBuildFile; fileRef = 23AFF70D27DB60E400FB612D /* ApiConstants.swift */; };
		23AFF71227DB622300FB612D /* AppError.swift in Sources */ = {isa = PBXBuildFile; fileRef = 23AFF71127DB622300FB612D /* AppError.swift */; };
		23AFF71427DB6A8F00FB612D /* Resources.swift in Sources */ = {isa = PBXBuildFile; fileRef = 23AFF71327DB6A8F00FB612D /* Resources.swift */; };
		23AFF71627DB81CF00FB612D /* Logger+Extension.swift in Sources */ = {isa = PBXBuildFile; fileRef = 23AFF71527DB81CF00FB612D /* Logger+Extension.swift */; };
		23E146F827DB8B4D008FC97B /* MovieListCell.swift in Sources */ = {isa = PBXBuildFile; fileRef = 23E146F727DB8B4D008FC97B /* MovieListCell.swift */; };
		23E146FB27DBA428008FC97B /* CachedAsyncImage.swift in Sources */ = {isa = PBXBuildFile; fileRef = 23E146FA27DBA428008FC97B /* CachedAsyncImage.swift */; };
		23E146FE27DCE1F4008FC97B /* MovieDetailsScreen.swift in Sources */ = {isa = PBXBuildFile; fileRef = 23E146FD27DCE1F4008FC97B /* MovieDetailsScreen.swift */; };
		23E1470127DCEE38008FC97B /* MovieDetailsViewModel.swift in Sources */ = {isa = PBXBuildFile; fileRef = 23E1470027DCEE38008FC97B /* MovieDetailsViewModel.swift */; };
		23E1470527DCF11F008FC97B /* MovieDetailsView.swift in Sources */ = {isa = PBXBuildFile; fileRef = 23E1470427DCF11F008FC97B /* MovieDetailsView.swift */; };
		23E1470727DF57C9008FC97B /* MovieDetailsTitleView.swift in Sources */ = {isa = PBXBuildFile; fileRef = 23E1470627DF57C9008FC97B /* MovieDetailsTitleView.swift */; };
		23E1470B27DF5D68008FC97B /* Color+Extension.swift in Sources */ = {isa = PBXBuildFile; fileRef = 23E1470A27DF5D68008FC97B /* Color+Extension.swift */; };
		23E6810A27E34791009E87D8 /* LoginFieldsView.swift in Sources */ = {isa = PBXBuildFile; fileRef = 23E6810927E34791009E87D8 /* LoginFieldsView.swift */; };
		23E6810E27E37D16009E87D8 /* RequestData.swift in Sources */ = {isa = PBXBuildFile; fileRef = 23E6810D27E37D16009E87D8 /* RequestData.swift */; };
		23E6811027E38767009E87D8 /* ResponseData.swift in Sources */ = {isa = PBXBuildFile; fileRef = 23E6810F27E38767009E87D8 /* ResponseData.swift */; };
		23E6811227E3884F009E87D8 /* URLRequest+curl.swift in Sources */ = {isa = PBXBuildFile; fileRef = 23E6811127E3884F009E87D8 /* URLRequest+curl.swift */; };
		23E6815827EB2963009E87D8 /* LoginSuccessView.swift in Sources */ = {isa = PBXBuildFile; fileRef = 23E6815727EB2963009E87D8 /* LoginSuccessView.swift */; };
		23E6815E27EB4DB7009E87D8 /* LoginView.swift in Sources */ = {isa = PBXBuildFile; fileRef = 23E6815D27EB4DB7009E87D8 /* LoginView.swift */; };
		23E6816027EB5369009E87D8 /* AnimationCompletionObserverModifier.swift in Sources */ = {isa = PBXBuildFile; fileRef = 23E6815F27EB5369009E87D8 /* AnimationCompletionObserverModifier.swift */; };
		23E6816227EB5458009E87D8 /* View+Extension.swift in Sources */ = {isa = PBXBuildFile; fileRef = 23E6816127EB5458009E87D8 /* View+Extension.swift */; };
		23E6816527EB5A7A009E87D8 /* HeaderView.swift in Sources */ = {isa = PBXBuildFile; fileRef = 23E6816427EB5A7A009E87D8 /* HeaderView.swift */; };
		23E6816727EB5AB0009E87D8 /* AccountOptionsView.swift in Sources */ = {isa = PBXBuildFile; fileRef = 23E6816627EB5AB0009E87D8 /* AccountOptionsView.swift */; };
		23E6816C27EC7F1C009E87D8 /* NavigationChevronBackButtonModifier.swift in Sources */ = {isa = PBXBuildFile; fileRef = 23E6816B27EC7F1C009E87D8 /* NavigationChevronBackButtonModifier.swift */; };
		23E6816F27EC84E8009E87D8 /* ViewModelFactory.swift in Sources */ = {isa = PBXBuildFile; fileRef = 23E6816E27EC84E8009E87D8 /* ViewModelFactory.swift */; };
/* End PBXBuildFile section */

/* Begin PBXContainerItemProxy section */
		23AFF6DC27DB4BDD00FB612D /* PBXContainerItemProxy */ = {
			isa = PBXContainerItemProxy;
			containerPortal = 23AFF6C327DB4BDC00FB612D /* Project object */;
			proxyType = 1;
			remoteGlobalIDString = 23AFF6CA27DB4BDC00FB612D;
			remoteInfo = NetworkDemo;
		};
		23AFF6E627DB4BDD00FB612D /* PBXContainerItemProxy */ = {
			isa = PBXContainerItemProxy;
			containerPortal = 23AFF6C327DB4BDC00FB612D /* Project object */;
			proxyType = 1;
			remoteGlobalIDString = 23AFF6CA27DB4BDC00FB612D;
			remoteInfo = NetworkDemo;
		};
/* End PBXContainerItemProxy section */

/* Begin PBXFileReference section */
		2355347327ECC8A5001FD1AF /* LoginViewModel.swift */ = {isa = PBXFileReference; lastKnownFileType = sourcecode.swift; path = LoginViewModel.swift; sourceTree = "<group>"; };
		2355347527ECD317001FD1AF /* MoviesCoordinator.swift */ = {isa = PBXFileReference; lastKnownFileType = sourcecode.swift; path = MoviesCoordinator.swift; sourceTree = "<group>"; };
		2355347727ECD331001FD1AF /* MoviesCoordinatorView.swift */ = {isa = PBXFileReference; lastKnownFileType = sourcecode.swift; path = MoviesCoordinatorView.swift; sourceTree = "<group>"; };
		23ABD18427DF74550073D9EF /* CreditCell.swift */ = {isa = PBXFileReference; lastKnownFileType = sourcecode.swift; path = CreditCell.swift; sourceTree = "<group>"; };
		23ABD18627DF95D30073D9EF /* AverageRateView.swift */ = {isa = PBXFileReference; lastKnownFileType = sourcecode.swift; path = AverageRateView.swift; sourceTree = "<group>"; };
		23ABD18827DF9AD50073D9EF /* SubmitRateButtonView.swift */ = {isa = PBXFileReference; lastKnownFileType = sourcecode.swift; path = SubmitRateButtonView.swift; sourceTree = "<group>"; };
		23ABD18E27E0A4B60073D9EF /* LoginScreen.swift */ = {isa = PBXFileReference; lastKnownFileType = sourcecode.swift; path = LoginScreen.swift; sourceTree = "<group>"; };
		23ABD19327E0D5170073D9EF /* AccountOptionsScreen.swift */ = {isa = PBXFileReference; lastKnownFileType = sourcecode.swift; path = AccountOptionsScreen.swift; sourceTree = "<group>"; };
		23AFF6CB27DB4BDC00FB612D /* NetworkDemo.app */ = {isa = PBXFileReference; explicitFileType = wrapper.application; includeInIndex = 0; path = NetworkDemo.app; sourceTree = BUILT_PRODUCTS_DIR; };
		23AFF6CE27DB4BDC00FB612D /* NetworkDemoApp.swift */ = {isa = PBXFileReference; lastKnownFileType = sourcecode.swift; path = NetworkDemoApp.swift; sourceTree = "<group>"; };
		23AFF6D027DB4BDC00FB612D /* ContentView.swift */ = {isa = PBXFileReference; lastKnownFileType = sourcecode.swift; path = ContentView.swift; sourceTree = "<group>"; };
		23AFF6D227DB4BDD00FB612D /* Assets.xcassets */ = {isa = PBXFileReference; lastKnownFileType = folder.assetcatalog; path = Assets.xcassets; sourceTree = "<group>"; };
		23AFF6D527DB4BDD00FB612D /* Preview Assets.xcassets */ = {isa = PBXFileReference; lastKnownFileType = folder.assetcatalog; path = "Preview Assets.xcassets"; sourceTree = "<group>"; };
		23AFF6DB27DB4BDD00FB612D /* NetworkDemoTests.xctest */ = {isa = PBXFileReference; explicitFileType = wrapper.cfbundle; includeInIndex = 0; path = NetworkDemoTests.xctest; sourceTree = BUILT_PRODUCTS_DIR; };
		23AFF6DF27DB4BDD00FB612D /* NetworkDemoTests.swift */ = {isa = PBXFileReference; lastKnownFileType = sourcecode.swift; path = NetworkDemoTests.swift; sourceTree = "<group>"; };
		23AFF6E527DB4BDD00FB612D /* NetworkDemoUITests.xctest */ = {isa = PBXFileReference; explicitFileType = wrapper.cfbundle; includeInIndex = 0; path = NetworkDemoUITests.xctest; sourceTree = BUILT_PRODUCTS_DIR; };
		23AFF6FC27DB587700FB612D /* MovieListScreen.swift */ = {isa = PBXFileReference; lastKnownFileType = sourcecode.swift; path = MovieListScreen.swift; sourceTree = "<group>"; };
		23AFF6FE27DB590900FB612D /* MovieListViewModel.swift */ = {isa = PBXFileReference; lastKnownFileType = sourcecode.swift; path = MovieListViewModel.swift; sourceTree = "<group>"; };
		23AFF70127DB591C00FB612D /* Resource.swift */ = {isa = PBXFileReference; lastKnownFileType = sourcecode.swift; path = Resource.swift; sourceTree = "<group>"; };
		23AFF70927DB5C9300FB612D /* NetworkService.swift */ = {isa = PBXFileReference; lastKnownFileType = sourcecode.swift; path = NetworkService.swift; sourceTree = "<group>"; };
		23AFF70D27DB60E400FB612D /* ApiConstants.swift */ = {isa = PBXFileReference; lastKnownFileType = sourcecode.swift; path = ApiConstants.swift; sourceTree = "<group>"; };
		23AFF71127DB622300FB612D /* AppError.swift */ = {isa = PBXFileReference; lastKnownFileType = sourcecode.swift; path = AppError.swift; sourceTree = "<group>"; };
		23AFF71327DB6A8F00FB612D /* Resources.swift */ = {isa = PBXFileReference; lastKnownFileType = sourcecode.swift; path = Resources.swift; sourceTree = "<group>"; };
		23AFF71527DB81CF00FB612D /* Logger+Extension.swift */ = {isa = PBXFileReference; lastKnownFileType = sourcecode.swift; path = "Logger+Extension.swift"; sourceTree = "<group>"; };
		23E146F727DB8B4D008FC97B /* MovieListCell.swift */ = {isa = PBXFileReference; lastKnownFileType = sourcecode.swift; path = MovieListCell.swift; sourceTree = "<group>"; };
		23E146FA27DBA428008FC97B /* CachedAsyncImage.swift */ = {isa = PBXFileReference; lastKnownFileType = sourcecode.swift; path = CachedAsyncImage.swift; sourceTree = "<group>"; };
		23E146FD27DCE1F4008FC97B /* MovieDetailsScreen.swift */ = {isa = PBXFileReference; lastKnownFileType = sourcecode.swift; path = MovieDetailsScreen.swift; sourceTree = "<group>"; };
		23E1470027DCEE38008FC97B /* MovieDetailsViewModel.swift */ = {isa = PBXFileReference; lastKnownFileType = sourcecode.swift; path = MovieDetailsViewModel.swift; sourceTree = "<group>"; };
		23E1470427DCF11F008FC97B /* MovieDetailsView.swift */ = {isa = PBXFileReference; lastKnownFileType = sourcecode.swift; path = MovieDetailsView.swift; sourceTree = "<group>"; };
		23E1470627DF57C9008FC97B /* MovieDetailsTitleView.swift */ = {isa = PBXFileReference; lastKnownFileType = sourcecode.swift; path = MovieDetailsTitleView.swift; sourceTree = "<group>"; };
		23E1470A27DF5D68008FC97B /* Color+Extension.swift */ = {isa = PBXFileReference; lastKnownFileType = sourcecode.swift; path = "Color+Extension.swift"; sourceTree = "<group>"; };
		23E6810927E34791009E87D8 /* LoginFieldsView.swift */ = {isa = PBXFileReference; lastKnownFileType = sourcecode.swift; path = LoginFieldsView.swift; sourceTree = "<group>"; };
		23E6810D27E37D16009E87D8 /* RequestData.swift */ = {isa = PBXFileReference; lastKnownFileType = sourcecode.swift; path = RequestData.swift; sourceTree = "<group>"; };
		23E6810F27E38767009E87D8 /* ResponseData.swift */ = {isa = PBXFileReference; fileEncoding = 4; lastKnownFileType = sourcecode.swift; path = ResponseData.swift; sourceTree = "<group>"; };
		23E6811127E3884F009E87D8 /* URLRequest+curl.swift */ = {isa = PBXFileReference; lastKnownFileType = sourcecode.swift; path = "URLRequest+curl.swift"; sourceTree = "<group>"; };
		23E6815727EB2963009E87D8 /* LoginSuccessView.swift */ = {isa = PBXFileReference; lastKnownFileType = sourcecode.swift; path = LoginSuccessView.swift; sourceTree = "<group>"; };
		23E6815D27EB4DB7009E87D8 /* LoginView.swift */ = {isa = PBXFileReference; lastKnownFileType = sourcecode.swift; path = LoginView.swift; sourceTree = "<group>"; };
		23E6815F27EB5369009E87D8 /* AnimationCompletionObserverModifier.swift */ = {isa = PBXFileReference; lastKnownFileType = sourcecode.swift; path = AnimationCompletionObserverModifier.swift; sourceTree = "<group>"; };
		23E6816127EB5458009E87D8 /* View+Extension.swift */ = {isa = PBXFileReference; lastKnownFileType = sourcecode.swift; path = "View+Extension.swift"; sourceTree = "<group>"; };
		23E6816427EB5A7A009E87D8 /* HeaderView.swift */ = {isa = PBXFileReference; lastKnownFileType = sourcecode.swift; path = HeaderView.swift; sourceTree = "<group>"; };
		23E6816627EB5AB0009E87D8 /* AccountOptionsView.swift */ = {isa = PBXFileReference; lastKnownFileType = sourcecode.swift; path = AccountOptionsView.swift; sourceTree = "<group>"; };
		23E6816B27EC7F1C009E87D8 /* NavigationChevronBackButtonModifier.swift */ = {isa = PBXFileReference; lastKnownFileType = sourcecode.swift; path = NavigationChevronBackButtonModifier.swift; sourceTree = "<group>"; };
		23E6816E27EC84E8009E87D8 /* ViewModelFactory.swift */ = {isa = PBXFileReference; lastKnownFileType = sourcecode.swift; path = ViewModelFactory.swift; sourceTree = "<group>"; };
/* End PBXFileReference section */

/* Begin PBXFrameworksBuildPhase section */
		23AFF6C827DB4BDC00FB612D /* Frameworks */ = {
			isa = PBXFrameworksBuildPhase;
			buildActionMask = 2147483647;
			files = (
			);
			runOnlyForDeploymentPostprocessing = 0;
		};
		23AFF6D827DB4BDD00FB612D /* Frameworks */ = {
			isa = PBXFrameworksBuildPhase;
			buildActionMask = 2147483647;
			files = (
			);
			runOnlyForDeploymentPostprocessing = 0;
		};
		23AFF6E227DB4BDD00FB612D /* Frameworks */ = {
			isa = PBXFrameworksBuildPhase;
			buildActionMask = 2147483647;
			files = (
			);
			runOnlyForDeploymentPostprocessing = 0;
		};
/* End PBXFrameworksBuildPhase section */

/* Begin PBXGroup section */
		2355347927ECD34D001FD1AF /* Movies */ = {
			isa = PBXGroup;
			children = (
				2355347527ECD317001FD1AF /* MoviesCoordinator.swift */,
				2355347727ECD331001FD1AF /* MoviesCoordinatorView.swift */,
				23AFF70627DB5A1F00FB612D /* MovieList */,
				23E146FC27DCE1CD008FC97B /* MovieDetails */,
			);
			path = Movies;
			sourceTree = "<group>";
		};
		2355347A27ECD363001FD1AF /* Acccount */ = {
			isa = PBXGroup;
			children = (
				23ABD19227E0D4720073D9EF /* AccountOptionsScreen */,
				23ABD18C27E0A49F0073D9EF /* Login */,
			);
			path = Acccount;
			sourceTree = "<group>";
		};
		23ABD18C27E0A49F0073D9EF /* Login */ = {
			isa = PBXGroup;
			children = (
				23ABD18E27E0A4B60073D9EF /* LoginScreen.swift */,
				2355347327ECC8A5001FD1AF /* LoginViewModel.swift */,
				23E6815627EB294B009E87D8 /* Subviews */,
			);
			path = Login;
			sourceTree = "<group>";
		};
		23ABD19227E0D4720073D9EF /* AccountOptionsScreen */ = {
			isa = PBXGroup;
			children = (
				23ABD19327E0D5170073D9EF /* AccountOptionsScreen.swift */,
				23E6816327EB5A60009E87D8 /* Subviews */,
			);
			path = AccountOptionsScreen;
			sourceTree = "<group>";
		};
		23AFF6C227DB4BDC00FB612D = {
			isa = PBXGroup;
			children = (
				23AFF6CD27DB4BDC00FB612D /* NetworkDemo */,
				23AFF6DE27DB4BDD00FB612D /* NetworkDemoTests */,
				23AFF6CC27DB4BDC00FB612D /* Products */,
			);
			sourceTree = "<group>";
		};
		23AFF6CC27DB4BDC00FB612D /* Products */ = {
			isa = PBXGroup;
			children = (
				23AFF6CB27DB4BDC00FB612D /* NetworkDemo.app */,
				23AFF6DB27DB4BDD00FB612D /* NetworkDemoTests.xctest */,
				23AFF6E527DB4BDD00FB612D /* NetworkDemoUITests.xctest */,
			);
			name = Products;
			sourceTree = "<group>";
		};
		23AFF6CD27DB4BDC00FB612D /* NetworkDemo */ = {
			isa = PBXGroup;
			children = (
				23E6816E27EC84E8009E87D8 /* ViewModelFactory.swift */,
				23AFF6CE27DB4BDC00FB612D /* NetworkDemoApp.swift */,
				23AFF6D027DB4BDC00FB612D /* ContentView.swift */,
				23AFF70527DB5A0F00FB612D /* Features */,
				23AFF70427DB59E600FB612D /* Common */,
				23AFF6D227DB4BDD00FB612D /* Assets.xcassets */,
				23AFF6D427DB4BDD00FB612D /* Preview Content */,
			);
			path = NetworkDemo;
			sourceTree = "<group>";
		};
		23AFF6D427DB4BDD00FB612D /* Preview Content */ = {
			isa = PBXGroup;
			children = (
				23AFF6D527DB4BDD00FB612D /* Preview Assets.xcassets */,
			);
			path = "Preview Content";
			sourceTree = "<group>";
		};
		23AFF6DE27DB4BDD00FB612D /* NetworkDemoTests */ = {
			isa = PBXGroup;
			children = (
				23AFF6DF27DB4BDD00FB612D /* NetworkDemoTests.swift */,
			);
			path = NetworkDemoTests;
			sourceTree = "<group>";
		};
		23AFF70027DB590E00FB612D /* Network */ = {
			isa = PBXGroup;
			children = (
				23AFF70127DB591C00FB612D /* Resource.swift */,
				23AFF71327DB6A8F00FB612D /* Resources.swift */,
				23AFF70927DB5C9300FB612D /* NetworkService.swift */,
				23AFF70D27DB60E400FB612D /* ApiConstants.swift */,
			);
			path = Network;
			sourceTree = "<group>";
		};
		23AFF70327DB599700FB612D /* Data */ = {
			isa = PBXGroup;
			children = (
				23E6810F27E38767009E87D8 /* ResponseData.swift */,
				23E6810D27E37D16009E87D8 /* RequestData.swift */,
			);
			path = Data;
			sourceTree = "<group>";
		};
		23AFF70427DB59E600FB612D /* Common */ = {
			isa = PBXGroup;
			children = (
				23E146F927DBA418008FC97B /* Views */,
				23AFF70027DB590E00FB612D /* Network */,
				23AFF70327DB599700FB612D /* Data */,
				23AFF71127DB622300FB612D /* AppError.swift */,
				23AFF71727DB81D300FB612D /* Extension */,
				23E6816A27EC7EEB009E87D8 /* Modifier */,
			);
			path = Common;
			sourceTree = "<group>";
		};
		23AFF70527DB5A0F00FB612D /* Features */ = {
			isa = PBXGroup;
			children = (
				2355347A27ECD363001FD1AF /* Acccount */,
				2355347927ECD34D001FD1AF /* Movies */,
			);
			path = Features;
			sourceTree = "<group>";
		};
		23AFF70627DB5A1F00FB612D /* MovieList */ = {
			isa = PBXGroup;
			children = (
				23E146F627DB8B2D008FC97B /* Subviews */,
				23AFF6FC27DB587700FB612D /* MovieListScreen.swift */,
				23AFF6FE27DB590900FB612D /* MovieListViewModel.swift */,
			);
			path = MovieList;
			sourceTree = "<group>";
		};
		23AFF71727DB81D300FB612D /* Extension */ = {
			isa = PBXGroup;
			children = (
				23AFF71527DB81CF00FB612D /* Logger+Extension.swift */,
				23E1470A27DF5D68008FC97B /* Color+Extension.swift */,
				23E6811127E3884F009E87D8 /* URLRequest+curl.swift */,
				23E6816127EB5458009E87D8 /* View+Extension.swift */,
			);
			path = Extension;
			sourceTree = "<group>";
		};
		23E146F627DB8B2D008FC97B /* Subviews */ = {
			isa = PBXGroup;
			children = (
				23E146F727DB8B4D008FC97B /* MovieListCell.swift */,
			);
			path = Subviews;
			sourceTree = "<group>";
		};
		23E146F927DBA418008FC97B /* Views */ = {
			isa = PBXGroup;
			children = (
				23E146FA27DBA428008FC97B /* CachedAsyncImage.swift */,
				23ABD18627DF95D30073D9EF /* AverageRateView.swift */,
			);
			path = Views;
			sourceTree = "<group>";
		};
		23E146FC27DCE1CD008FC97B /* MovieDetails */ = {
			isa = PBXGroup;
			children = (
				23E1470327DCF0E1008FC97B /* Subviews */,
				23E146FD27DCE1F4008FC97B /* MovieDetailsScreen.swift */,
				23E1470027DCEE38008FC97B /* MovieDetailsViewModel.swift */,
				23E146FF27DCE664008FC97B /* Subviews */,
			);
			path = MovieDetails;
			sourceTree = "<group>";
		};
		23E146FF27DCE664008FC97B /* Subviews */ = {
			isa = PBXGroup;
			children = (
				23E1470427DCF11F008FC97B /* MovieDetailsView.swift */,
				23E1470627DF57C9008FC97B /* MovieDetailsTitleView.swift */,
				23ABD18427DF74550073D9EF /* CreditCell.swift */,
				23ABD18827DF9AD50073D9EF /* SubmitRateButtonView.swift */,
			);
			path = Subviews;
			sourceTree = "<group>";
		};
		23E1470327DCF0E1008FC97B /* Subviews */ = {
			isa = PBXGroup;
			children = (
			);
			path = Subviews;
			sourceTree = "<group>";
		};
		23E6815627EB294B009E87D8 /* Subviews */ = {
			isa = PBXGroup;
			children = (
				23E6815727EB2963009E87D8 /* LoginSuccessView.swift */,
				23E6815D27EB4DB7009E87D8 /* LoginView.swift */,
				23E6810927E34791009E87D8 /* LoginFieldsView.swift */,
			);
			path = Subviews;
			sourceTree = "<group>";
		};
		23E6816327EB5A60009E87D8 /* Subviews */ = {
			isa = PBXGroup;
			children = (
				23E6816427EB5A7A009E87D8 /* HeaderView.swift */,
				23E6816627EB5AB0009E87D8 /* AccountOptionsView.swift */,
			);
			path = Subviews;
			sourceTree = "<group>";
		};
		23E6816A27EC7EEB009E87D8 /* Modifier */ = {
			isa = PBXGroup;
			children = (
				23E6815F27EB5369009E87D8 /* AnimationCompletionObserverModifier.swift */,
				23E6816B27EC7F1C009E87D8 /* NavigationChevronBackButtonModifier.swift */,
			);
			path = Modifier;
			sourceTree = "<group>";
		};
/* End PBXGroup section */

/* Begin PBXNativeTarget section */
		23AFF6CA27DB4BDC00FB612D /* NetworkDemo */ = {
			isa = PBXNativeTarget;
			buildConfigurationList = 23AFF6EF27DB4BDD00FB612D /* Build configuration list for PBXNativeTarget "NetworkDemo" */;
			buildPhases = (
				23AFF6C727DB4BDC00FB612D /* Sources */,
				23AFF6C827DB4BDC00FB612D /* Frameworks */,
				23AFF6C927DB4BDC00FB612D /* Resources */,
			);
			buildRules = (
			);
			dependencies = (
			);
			name = NetworkDemo;
			productName = NetworkDemo;
			productReference = 23AFF6CB27DB4BDC00FB612D /* NetworkDemo.app */;
			productType = "com.apple.product-type.application";
		};
		23AFF6DA27DB4BDD00FB612D /* NetworkDemoTests */ = {
			isa = PBXNativeTarget;
			buildConfigurationList = 23AFF6F227DB4BDD00FB612D /* Build configuration list for PBXNativeTarget "NetworkDemoTests" */;
			buildPhases = (
				23AFF6D727DB4BDD00FB612D /* Sources */,
				23AFF6D827DB4BDD00FB612D /* Frameworks */,
				23AFF6D927DB4BDD00FB612D /* Resources */,
			);
			buildRules = (
			);
			dependencies = (
				23AFF6DD27DB4BDD00FB612D /* PBXTargetDependency */,
			);
			name = NetworkDemoTests;
			productName = NetworkDemoTests;
			productReference = 23AFF6DB27DB4BDD00FB612D /* NetworkDemoTests.xctest */;
			productType = "com.apple.product-type.bundle.unit-test";
		};
		23AFF6E427DB4BDD00FB612D /* NetworkDemoUITests */ = {
			isa = PBXNativeTarget;
			buildConfigurationList = 23AFF6F527DB4BDD00FB612D /* Build configuration list for PBXNativeTarget "NetworkDemoUITests" */;
			buildPhases = (
				23AFF6E127DB4BDD00FB612D /* Sources */,
				23AFF6E227DB4BDD00FB612D /* Frameworks */,
				23AFF6E327DB4BDD00FB612D /* Resources */,
			);
			buildRules = (
			);
			dependencies = (
				23AFF6E727DB4BDD00FB612D /* PBXTargetDependency */,
			);
			name = NetworkDemoUITests;
			productName = NetworkDemoUITests;
			productReference = 23AFF6E527DB4BDD00FB612D /* NetworkDemoUITests.xctest */;
			productType = "com.apple.product-type.bundle.ui-testing";
		};
/* End PBXNativeTarget section */

/* Begin PBXProject section */
		23AFF6C327DB4BDC00FB612D /* Project object */ = {
			isa = PBXProject;
			attributes = {
				BuildIndependentTargetsInParallel = 1;
				LastSwiftUpdateCheck = 1320;
				LastUpgradeCheck = 1320;
				TargetAttributes = {
					23AFF6CA27DB4BDC00FB612D = {
						CreatedOnToolsVersion = 13.2.1;
					};
					23AFF6DA27DB4BDD00FB612D = {
						CreatedOnToolsVersion = 13.2.1;
						TestTargetID = 23AFF6CA27DB4BDC00FB612D;
					};
					23AFF6E427DB4BDD00FB612D = {
						CreatedOnToolsVersion = 13.2.1;
						TestTargetID = 23AFF6CA27DB4BDC00FB612D;
					};
				};
			};
			buildConfigurationList = 23AFF6C627DB4BDC00FB612D /* Build configuration list for PBXProject "NetworkDemo" */;
			compatibilityVersion = "Xcode 13.0";
			developmentRegion = en;
			hasScannedForEncodings = 0;
			knownRegions = (
				en,
				Base,
			);
			mainGroup = 23AFF6C227DB4BDC00FB612D;
			productRefGroup = 23AFF6CC27DB4BDC00FB612D /* Products */;
			projectDirPath = "";
			projectRoot = "";
			targets = (
				23AFF6CA27DB4BDC00FB612D /* NetworkDemo */,
				23AFF6DA27DB4BDD00FB612D /* NetworkDemoTests */,
				23AFF6E427DB4BDD00FB612D /* NetworkDemoUITests */,
			);
		};
/* End PBXProject section */

/* Begin PBXResourcesBuildPhase section */
		23AFF6C927DB4BDC00FB612D /* Resources */ = {
			isa = PBXResourcesBuildPhase;
			buildActionMask = 2147483647;
			files = (
				23AFF6D627DB4BDD00FB612D /* Preview Assets.xcassets in Resources */,
				23AFF6D327DB4BDD00FB612D /* Assets.xcassets in Resources */,
			);
			runOnlyForDeploymentPostprocessing = 0;
		};
		23AFF6D927DB4BDD00FB612D /* Resources */ = {
			isa = PBXResourcesBuildPhase;
			buildActionMask = 2147483647;
			files = (
			);
			runOnlyForDeploymentPostprocessing = 0;
		};
		23AFF6E327DB4BDD00FB612D /* Resources */ = {
			isa = PBXResourcesBuildPhase;
			buildActionMask = 2147483647;
			files = (
			);
			runOnlyForDeploymentPostprocessing = 0;
		};
/* End PBXResourcesBuildPhase section */

/* Begin PBXSourcesBuildPhase section */
		23AFF6C727DB4BDC00FB612D /* Sources */ = {
			isa = PBXSourcesBuildPhase;
			buildActionMask = 2147483647;
			files = (
				23AFF6D127DB4BDC00FB612D /* ContentView.swift in Sources */,
				23E6816F27EC84E8009E87D8 /* ViewModelFactory.swift in Sources */,
				23E6816227EB5458009E87D8 /* View+Extension.swift in Sources */,
				23E6816C27EC7F1C009E87D8 /* NavigationChevronBackButtonModifier.swift in Sources */,
				23E146FB27DBA428008FC97B /* CachedAsyncImage.swift in Sources */,
				23ABD18727DF95D30073D9EF /* AverageRateView.swift in Sources */,
				23E1470527DCF11F008FC97B /* MovieDetailsView.swift in Sources */,
				23AFF71227DB622300FB612D /* AppError.swift in Sources */,
				23AFF6CF27DB4BDC00FB612D /* NetworkDemoApp.swift in Sources */,
				23E6811027E38767009E87D8 /* ResponseData.swift in Sources */,
				23E6811227E3884F009E87D8 /* URLRequest+curl.swift in Sources */,
				23AFF71427DB6A8F00FB612D /* Resources.swift in Sources */,
				23E6810E27E37D16009E87D8 /* RequestData.swift in Sources */,
				2355347427ECC8A5001FD1AF /* LoginViewModel.swift in Sources */,
				23ABD18F27E0A4B60073D9EF /* LoginScreen.swift in Sources */,
				23E1470127DCEE38008FC97B /* MovieDetailsViewModel.swift in Sources */,
				23AFF6FD27DB587700FB612D /* MovieListScreen.swift in Sources */,
				23E1470B27DF5D68008FC97B /* Color+Extension.swift in Sources */,
				23ABD18527DF74550073D9EF /* CreditCell.swift in Sources */,
				23AFF70E27DB60E400FB612D /* ApiConstants.swift in Sources */,
				23AFF71627DB81CF00FB612D /* Logger+Extension.swift in Sources */,
				2355347627ECD317001FD1AF /* MoviesCoordinator.swift in Sources */,
				23E146FE27DCE1F4008FC97B /* MovieDetailsScreen.swift in Sources */,
				23E6816527EB5A7A009E87D8 /* HeaderView.swift in Sources */,
				23E1470727DF57C9008FC97B /* MovieDetailsTitleView.swift in Sources */,
				23E146F827DB8B4D008FC97B /* MovieListCell.swift in Sources */,
				2355347827ECD331001FD1AF /* MoviesCoordinatorView.swift in Sources */,
				23ABD18927DF9AD50073D9EF /* SubmitRateButtonView.swift in Sources */,
				23AFF70227DB591C00FB612D /* Resource.swift in Sources */,
				23E6816027EB5369009E87D8 /* AnimationCompletionObserverModifier.swift in Sources */,
				23E6815E27EB4DB7009E87D8 /* LoginView.swift in Sources */,
				23E6815827EB2963009E87D8 /* LoginSuccessView.swift in Sources */,
				23ABD19427E0D5170073D9EF /* AccountOptionsScreen.swift in Sources */,
				23E6810A27E34791009E87D8 /* LoginFieldsView.swift in Sources */,
				23AFF6FF27DB590900FB612D /* MovieListViewModel.swift in Sources */,
				23E6816727EB5AB0009E87D8 /* AccountOptionsView.swift in Sources */,
				23AFF70A27DB5C9300FB612D /* NetworkService.swift in Sources */,
			);
			runOnlyForDeploymentPostprocessing = 0;
		};
		23AFF6D727DB4BDD00FB612D /* Sources */ = {
			isa = PBXSourcesBuildPhase;
			buildActionMask = 2147483647;
			files = (
				23AFF6E027DB4BDD00FB612D /* NetworkDemoTests.swift in Sources */,
			);
			runOnlyForDeploymentPostprocessing = 0;
		};
		23AFF6E127DB4BDD00FB612D /* Sources */ = {
			isa = PBXSourcesBuildPhase;
			buildActionMask = 2147483647;
			files = (
			);
			runOnlyForDeploymentPostprocessing = 0;
		};
/* End PBXSourcesBuildPhase section */

/* Begin PBXTargetDependency section */
		23AFF6DD27DB4BDD00FB612D /* PBXTargetDependency */ = {
			isa = PBXTargetDependency;
			target = 23AFF6CA27DB4BDC00FB612D /* NetworkDemo */;
			targetProxy = 23AFF6DC27DB4BDD00FB612D /* PBXContainerItemProxy */;
		};
		23AFF6E727DB4BDD00FB612D /* PBXTargetDependency */ = {
			isa = PBXTargetDependency;
			target = 23AFF6CA27DB4BDC00FB612D /* NetworkDemo */;
			targetProxy = 23AFF6E627DB4BDD00FB612D /* PBXContainerItemProxy */;
		};
/* End PBXTargetDependency section */

/* Begin XCBuildConfiguration section */
		23AFF6ED27DB4BDD00FB612D /* Debug */ = {
			isa = XCBuildConfiguration;
			buildSettings = {
				ALWAYS_SEARCH_USER_PATHS = NO;
				CLANG_ANALYZER_NONNULL = YES;
				CLANG_ANALYZER_NUMBER_OBJECT_CONVERSION = YES_AGGRESSIVE;
				CLANG_CXX_LANGUAGE_STANDARD = "gnu++17";
				CLANG_CXX_LIBRARY = "libc++";
				CLANG_ENABLE_MODULES = YES;
				CLANG_ENABLE_OBJC_ARC = YES;
				CLANG_ENABLE_OBJC_WEAK = YES;
				CLANG_WARN_BLOCK_CAPTURE_AUTORELEASING = YES;
				CLANG_WARN_BOOL_CONVERSION = YES;
				CLANG_WARN_COMMA = YES;
				CLANG_WARN_CONSTANT_CONVERSION = YES;
				CLANG_WARN_DEPRECATED_OBJC_IMPLEMENTATIONS = YES;
				CLANG_WARN_DIRECT_OBJC_ISA_USAGE = YES_ERROR;
				CLANG_WARN_DOCUMENTATION_COMMENTS = YES;
				CLANG_WARN_EMPTY_BODY = YES;
				CLANG_WARN_ENUM_CONVERSION = YES;
				CLANG_WARN_INFINITE_RECURSION = YES;
				CLANG_WARN_INT_CONVERSION = YES;
				CLANG_WARN_NON_LITERAL_NULL_CONVERSION = YES;
				CLANG_WARN_OBJC_IMPLICIT_RETAIN_SELF = YES;
				CLANG_WARN_OBJC_LITERAL_CONVERSION = YES;
				CLANG_WARN_OBJC_ROOT_CLASS = YES_ERROR;
				CLANG_WARN_QUOTED_INCLUDE_IN_FRAMEWORK_HEADER = YES;
				CLANG_WARN_RANGE_LOOP_ANALYSIS = YES;
				CLANG_WARN_STRICT_PROTOTYPES = YES;
				CLANG_WARN_SUSPICIOUS_MOVE = YES;
				CLANG_WARN_UNGUARDED_AVAILABILITY = YES_AGGRESSIVE;
				CLANG_WARN_UNREACHABLE_CODE = YES;
				CLANG_WARN__DUPLICATE_METHOD_MATCH = YES;
				COPY_PHASE_STRIP = NO;
				DEBUG_INFORMATION_FORMAT = dwarf;
				ENABLE_STRICT_OBJC_MSGSEND = YES;
				ENABLE_TESTABILITY = YES;
				GCC_C_LANGUAGE_STANDARD = gnu11;
				GCC_DYNAMIC_NO_PIC = NO;
				GCC_NO_COMMON_BLOCKS = YES;
				GCC_OPTIMIZATION_LEVEL = 0;
				GCC_PREPROCESSOR_DEFINITIONS = (
					"DEBUG=1",
					"$(inherited)",
				);
				GCC_WARN_64_TO_32_BIT_CONVERSION = YES;
				GCC_WARN_ABOUT_RETURN_TYPE = YES_ERROR;
				GCC_WARN_UNDECLARED_SELECTOR = YES;
				GCC_WARN_UNINITIALIZED_AUTOS = YES_AGGRESSIVE;
				GCC_WARN_UNUSED_FUNCTION = YES;
				GCC_WARN_UNUSED_VARIABLE = YES;
				IPHONEOS_DEPLOYMENT_TARGET = 15.2;
				MTL_ENABLE_DEBUG_INFO = INCLUDE_SOURCE;
				MTL_FAST_MATH = YES;
				ONLY_ACTIVE_ARCH = YES;
				SDKROOT = iphoneos;
				SWIFT_ACTIVE_COMPILATION_CONDITIONS = DEBUG;
				SWIFT_OPTIMIZATION_LEVEL = "-Onone";
			};
			name = Debug;
		};
		23AFF6EE27DB4BDD00FB612D /* Release */ = {
			isa = XCBuildConfiguration;
			buildSettings = {
				ALWAYS_SEARCH_USER_PATHS = NO;
				CLANG_ANALYZER_NONNULL = YES;
				CLANG_ANALYZER_NUMBER_OBJECT_CONVERSION = YES_AGGRESSIVE;
				CLANG_CXX_LANGUAGE_STANDARD = "gnu++17";
				CLANG_CXX_LIBRARY = "libc++";
				CLANG_ENABLE_MODULES = YES;
				CLANG_ENABLE_OBJC_ARC = YES;
				CLANG_ENABLE_OBJC_WEAK = YES;
				CLANG_WARN_BLOCK_CAPTURE_AUTORELEASING = YES;
				CLANG_WARN_BOOL_CONVERSION = YES;
				CLANG_WARN_COMMA = YES;
				CLANG_WARN_CONSTANT_CONVERSION = YES;
				CLANG_WARN_DEPRECATED_OBJC_IMPLEMENTATIONS = YES;
				CLANG_WARN_DIRECT_OBJC_ISA_USAGE = YES_ERROR;
				CLANG_WARN_DOCUMENTATION_COMMENTS = YES;
				CLANG_WARN_EMPTY_BODY = YES;
				CLANG_WARN_ENUM_CONVERSION = YES;
				CLANG_WARN_INFINITE_RECURSION = YES;
				CLANG_WARN_INT_CONVERSION = YES;
				CLANG_WARN_NON_LITERAL_NULL_CONVERSION = YES;
				CLANG_WARN_OBJC_IMPLICIT_RETAIN_SELF = YES;
				CLANG_WARN_OBJC_LITERAL_CONVERSION = YES;
				CLANG_WARN_OBJC_ROOT_CLASS = YES_ERROR;
				CLANG_WARN_QUOTED_INCLUDE_IN_FRAMEWORK_HEADER = YES;
				CLANG_WARN_RANGE_LOOP_ANALYSIS = YES;
				CLANG_WARN_STRICT_PROTOTYPES = YES;
				CLANG_WARN_SUSPICIOUS_MOVE = YES;
				CLANG_WARN_UNGUARDED_AVAILABILITY = YES_AGGRESSIVE;
				CLANG_WARN_UNREACHABLE_CODE = YES;
				CLANG_WARN__DUPLICATE_METHOD_MATCH = YES;
				COPY_PHASE_STRIP = NO;
				DEBUG_INFORMATION_FORMAT = "dwarf-with-dsym";
				ENABLE_NS_ASSERTIONS = NO;
				ENABLE_STRICT_OBJC_MSGSEND = YES;
				GCC_C_LANGUAGE_STANDARD = gnu11;
				GCC_NO_COMMON_BLOCKS = YES;
				GCC_WARN_64_TO_32_BIT_CONVERSION = YES;
				GCC_WARN_ABOUT_RETURN_TYPE = YES_ERROR;
				GCC_WARN_UNDECLARED_SELECTOR = YES;
				GCC_WARN_UNINITIALIZED_AUTOS = YES_AGGRESSIVE;
				GCC_WARN_UNUSED_FUNCTION = YES;
				GCC_WARN_UNUSED_VARIABLE = YES;
				IPHONEOS_DEPLOYMENT_TARGET = 15.2;
				MTL_ENABLE_DEBUG_INFO = NO;
				MTL_FAST_MATH = YES;
				SDKROOT = iphoneos;
				SWIFT_COMPILATION_MODE = wholemodule;
				SWIFT_OPTIMIZATION_LEVEL = "-O";
				VALIDATE_PRODUCT = YES;
			};
			name = Release;
		};
		23AFF6F027DB4BDD00FB612D /* Debug */ = {
			isa = XCBuildConfiguration;
			buildSettings = {
				ASSETCATALOG_COMPILER_APPICON_NAME = AppIcon;
				ASSETCATALOG_COMPILER_GLOBAL_ACCENT_COLOR_NAME = AccentColor;
				CODE_SIGN_STYLE = Automatic;
				CURRENT_PROJECT_VERSION = 1;
				DEVELOPMENT_ASSET_PATHS = "\"NetworkDemo/Preview Content\"";
				DEVELOPMENT_TEAM = 77XTYTT5VT;
				ENABLE_PREVIEWS = YES;
				GENERATE_INFOPLIST_FILE = YES;
				INFOPLIST_KEY_UIApplicationSceneManifest_Generation = YES;
				INFOPLIST_KEY_UIApplicationSupportsIndirectInputEvents = YES;
				INFOPLIST_KEY_UILaunchScreen_Generation = YES;
				INFOPLIST_KEY_UISupportedInterfaceOrientations_iPad = "UIInterfaceOrientationPortrait UIInterfaceOrientationPortraitUpsideDown UIInterfaceOrientationLandscapeLeft UIInterfaceOrientationLandscapeRight";
				INFOPLIST_KEY_UISupportedInterfaceOrientations_iPhone = "UIInterfaceOrientationPortrait UIInterfaceOrientationLandscapeLeft UIInterfaceOrientationLandscapeRight";
				LD_RUNPATH_SEARCH_PATHS = (
					"$(inherited)",
					"@executable_path/Frameworks",
				);
				MARKETING_VERSION = 1.0;
				PRODUCT_BUNDLE_IDENTIFIER = com.tatsuyakaneko.NetworkDemo;
				PRODUCT_NAME = "$(TARGET_NAME)";
				SWIFT_EMIT_LOC_STRINGS = YES;
				SWIFT_VERSION = 5.0;
				TARGETED_DEVICE_FAMILY = "1,2";
			};
			name = Debug;
		};
		23AFF6F127DB4BDD00FB612D /* Release */ = {
			isa = XCBuildConfiguration;
			buildSettings = {
				ASSETCATALOG_COMPILER_APPICON_NAME = AppIcon;
				ASSETCATALOG_COMPILER_GLOBAL_ACCENT_COLOR_NAME = AccentColor;
				CODE_SIGN_STYLE = Automatic;
				CURRENT_PROJECT_VERSION = 1;
				DEVELOPMENT_ASSET_PATHS = "\"NetworkDemo/Preview Content\"";
				DEVELOPMENT_TEAM = 77XTYTT5VT;
				ENABLE_PREVIEWS = YES;
				GENERATE_INFOPLIST_FILE = YES;
				INFOPLIST_KEY_UIApplicationSceneManifest_Generation = YES;
				INFOPLIST_KEY_UIApplicationSupportsIndirectInputEvents = YES;
				INFOPLIST_KEY_UILaunchScreen_Generation = YES;
				INFOPLIST_KEY_UISupportedInterfaceOrientations_iPad = "UIInterfaceOrientationPortrait UIInterfaceOrientationPortraitUpsideDown UIInterfaceOrientationLandscapeLeft UIInterfaceOrientationLandscapeRight";
				INFOPLIST_KEY_UISupportedInterfaceOrientations_iPhone = "UIInterfaceOrientationPortrait UIInterfaceOrientationLandscapeLeft UIInterfaceOrientationLandscapeRight";
				LD_RUNPATH_SEARCH_PATHS = (
					"$(inherited)",
					"@executable_path/Frameworks",
				);
				MARKETING_VERSION = 1.0;
				PRODUCT_BUNDLE_IDENTIFIER = com.tatsuyakaneko.NetworkDemo;
				PRODUCT_NAME = "$(TARGET_NAME)";
				SWIFT_EMIT_LOC_STRINGS = YES;
				SWIFT_VERSION = 5.0;
				TARGETED_DEVICE_FAMILY = "1,2";
			};
			name = Release;
		};
		23AFF6F327DB4BDD00FB612D /* Debug */ = {
			isa = XCBuildConfiguration;
			buildSettings = {
				ALWAYS_EMBED_SWIFT_STANDARD_LIBRARIES = YES;
				BUNDLE_LOADER = "$(TEST_HOST)";
				CODE_SIGN_STYLE = Automatic;
				CURRENT_PROJECT_VERSION = 1;
				DEVELOPMENT_TEAM = 77XTYTT5VT;
				GENERATE_INFOPLIST_FILE = YES;
				IPHONEOS_DEPLOYMENT_TARGET = 15.2;
				MARKETING_VERSION = 1.0;
				PRODUCT_BUNDLE_IDENTIFIER = com.tatsuyakaneko.NetworkDemoTests;
				PRODUCT_NAME = "$(TARGET_NAME)";
				SWIFT_EMIT_LOC_STRINGS = NO;
				SWIFT_VERSION = 5.0;
				TARGETED_DEVICE_FAMILY = "1,2";
				TEST_HOST = "$(BUILT_PRODUCTS_DIR)/NetworkDemo.app/NetworkDemo";
			};
			name = Debug;
		};
		23AFF6F427DB4BDD00FB612D /* Release */ = {
			isa = XCBuildConfiguration;
			buildSettings = {
				ALWAYS_EMBED_SWIFT_STANDARD_LIBRARIES = YES;
				BUNDLE_LOADER = "$(TEST_HOST)";
				CODE_SIGN_STYLE = Automatic;
				CURRENT_PROJECT_VERSION = 1;
				DEVELOPMENT_TEAM = 77XTYTT5VT;
				GENERATE_INFOPLIST_FILE = YES;
				IPHONEOS_DEPLOYMENT_TARGET = 15.2;
				MARKETING_VERSION = 1.0;
				PRODUCT_BUNDLE_IDENTIFIER = com.tatsuyakaneko.NetworkDemoTests;
				PRODUCT_NAME = "$(TARGET_NAME)";
				SWIFT_EMIT_LOC_STRINGS = NO;
				SWIFT_VERSION = 5.0;
				TARGETED_DEVICE_FAMILY = "1,2";
				TEST_HOST = "$(BUILT_PRODUCTS_DIR)/NetworkDemo.app/NetworkDemo";
			};
			name = Release;
		};
		23AFF6F627DB4BDD00FB612D /* Debug */ = {
			isa = XCBuildConfiguration;
			buildSettings = {
				ALWAYS_EMBED_SWIFT_STANDARD_LIBRARIES = YES;
				CODE_SIGN_STYLE = Automatic;
				CURRENT_PROJECT_VERSION = 1;
				DEVELOPMENT_TEAM = 77XTYTT5VT;
				GENERATE_INFOPLIST_FILE = YES;
				MARKETING_VERSION = 1.0;
				PRODUCT_BUNDLE_IDENTIFIER = com.tatsuyakaneko.NetworkDemoUITests;
				PRODUCT_NAME = "$(TARGET_NAME)";
				SWIFT_EMIT_LOC_STRINGS = NO;
				SWIFT_VERSION = 5.0;
				TARGETED_DEVICE_FAMILY = "1,2";
				TEST_TARGET_NAME = NetworkDemo;
			};
			name = Debug;
		};
		23AFF6F727DB4BDD00FB612D /* Release */ = {
			isa = XCBuildConfiguration;
			buildSettings = {
				ALWAYS_EMBED_SWIFT_STANDARD_LIBRARIES = YES;
				CODE_SIGN_STYLE = Automatic;
				CURRENT_PROJECT_VERSION = 1;
				DEVELOPMENT_TEAM = 77XTYTT5VT;
				GENERATE_INFOPLIST_FILE = YES;
				MARKETING_VERSION = 1.0;
				PRODUCT_BUNDLE_IDENTIFIER = com.tatsuyakaneko.NetworkDemoUITests;
				PRODUCT_NAME = "$(TARGET_NAME)";
				SWIFT_EMIT_LOC_STRINGS = NO;
				SWIFT_VERSION = 5.0;
				TARGETED_DEVICE_FAMILY = "1,2";
				TEST_TARGET_NAME = NetworkDemo;
			};
			name = Release;
		};
/* End XCBuildConfiguration section */

/* Begin XCConfigurationList section */
		23AFF6C627DB4BDC00FB612D /* Build configuration list for PBXProject "NetworkDemo" */ = {
			isa = XCConfigurationList;
			buildConfigurations = (
				23AFF6ED27DB4BDD00FB612D /* Debug */,
				23AFF6EE27DB4BDD00FB612D /* Release */,
			);
			defaultConfigurationIsVisible = 0;
			defaultConfigurationName = Release;
		};
		23AFF6EF27DB4BDD00FB612D /* Build configuration list for PBXNativeTarget "NetworkDemo" */ = {
			isa = XCConfigurationList;
			buildConfigurations = (
				23AFF6F027DB4BDD00FB612D /* Debug */,
				23AFF6F127DB4BDD00FB612D /* Release */,
			);
			defaultConfigurationIsVisible = 0;
			defaultConfigurationName = Release;
		};
		23AFF6F227DB4BDD00FB612D /* Build configuration list for PBXNativeTarget "NetworkDemoTests" */ = {
			isa = XCConfigurationList;
			buildConfigurations = (
				23AFF6F327DB4BDD00FB612D /* Debug */,
				23AFF6F427DB4BDD00FB612D /* Release */,
			);
			defaultConfigurationIsVisible = 0;
			defaultConfigurationName = Release;
		};
		23AFF6F527DB4BDD00FB612D /* Build configuration list for PBXNativeTarget "NetworkDemoUITests" */ = {
			isa = XCConfigurationList;
			buildConfigurations = (
				23AFF6F627DB4BDD00FB612D /* Debug */,
				23AFF6F727DB4BDD00FB612D /* Release */,
			);
			defaultConfigurationIsVisible = 0;
			defaultConfigurationName = Release;
		};
/* End XCConfigurationList section */
	};
	rootObject = 23AFF6C327DB4BDC00FB612D /* Project object */;
}
